
Microsoft Visual Studio Solution File, Format Version 12.00
# Visual Studio Version 17
VisualStudioVersion = 17.3.32804.467
MinimumVisualStudioVersion = 10.0.40219.1
Project("{FAE04EC0-301F-11D3-BF4B-00C04F79EFBC}") = "WindowsFormsApp1", "WindowsFormsApp1\WindowsFormsApp1.csproj", "{1C01F2A0-54CC-4821-93FD-2128214FC3FE}"
EndProject
Global
	GlobalSection(SolutionConfigurationPlatforms) = preSolution
		Debug|Any CPU = Debug|Any CPU
		Release|Any CPU = Release|Any CPU
	EndGlobalSection
	GlobalSection(ProjectConfigurationPlatforms) = postSolution
		{1C01F2A0-54CC-4821-93FD-2128214FC3FE}.Debug|Any CPU.ActiveCfg = Debug|Any CPU
		{1C01F2A0-54CC-4821-93FD-2128214FC3FE}.Debug|Any CPU.Build.0 = Debug|Any CPU
		{1C01F2A0-54CC-4821-93FD-2128214FC3FE}.Release|Any CPU.ActiveCfg = Release|Any CPU
		{1C01F2A0-54CC-4821-93FD-2128214FC3FE}.Release|Any CPU.Build.0 = Release|Any CPU
	EndGlobalSection
	GlobalSection(SolutionProperties) = preSolution
		HideSolutionNode = FALSE
	EndGlobalSection
	GlobalSection(ExtensibilityGlobals) = postSolution
		SolutionGuid = {D49E2A21-4CF0-464F-928C-80DA7FBC6733}
	EndGlobalSection
EndGlobal
